
Microsoft Visual Studio Solution File, Format Version 12.00
# Visual Studio Version 16
VisualStudioVersion = 16.0.31911.196
MinimumVisualStudioVersion = 10.0.40219.1
Project("{FAE04EC0-301F-11D3-BF4B-00C04F79EFBC}") = "CalradianDeserters", "CalradianDeserters.csproj", "{A5962C7D-8674-4555-A036-1555BDBEEEAC}"
EndProject
Global
	GlobalSection(SolutionConfigurationPlatforms) = preSolution
		Debug|Any CPU = Debug|Any CPU
		Release|Any CPU = Release|Any CPU
	EndGlobalSection
	GlobalSection(ProjectConfigurationPlatforms) = postSolution
		{A5962C7D-8674-4555-A036-1555BDBEEEAC}.Debug|Any CPU.ActiveCfg = Debug|Any CPU
		{A5962C7D-8674-4555-A036-1555BDBEEEAC}.Debug|Any CPU.Build.0 = Debug|Any CPU
		{A5962C7D-8674-4555-A036-1555BDBEEEAC}.Release|Any CPU.ActiveCfg = Release|Any CPU
		{A5962C7D-8674-4555-A036-1555BDBEEEAC}.Release|Any CPU.Build.0 = Release|Any CPU
	EndGlobalSection
	GlobalSection(SolutionProperties) = preSolution
		HideSolutionNode = FALSE
	EndGlobalSection
	GlobalSection(ExtensibilityGlobals) = postSolution
		SolutionGuid = {B56E5C82-F256-4B42-B849-502F82F715B3}
	EndGlobalSection
EndGlobal
